// !$*UTF8*$!
{
	archiveVersion = 1;
	classes = {
	};
	objectVersion = 46;
	objects = {

/* Begin PBXBuildFile section */
		5FA7F1DC1B2AAFF400AB72CB /* main.cpp in Sources */ = {isa = PBXBuildFile; fileRef = 5FA7F1DB1B2AAFF400AB72CB /* main.cpp */; };
		5FA7F1E41B2AB17C00AB72CB /* SFByteArray.cpp in Sources */ = {isa = PBXBuildFile; fileRef = 5FA7F1E21B2AB17C00AB72CB /* SFByteArray.cpp */; };
		5FA7F1E71B2AE78E00AB72CB /* SFByteArray2.cpp in Sources */ = {isa = PBXBuildFile; fileRef = 5FA7F1E51B2AE78E00AB72CB /* SFByteArray2.cpp */; };
/* End PBXBuildFile section */

/* Begin PBXCopyFilesBuildPhase section */
		5FA7F1D61B2AAFF400AB72CB /* CopyFiles */ = {
			isa = PBXCopyFilesBuildPhase;
			buildActionMask = 2147483647;
			dstPath = /usr/share/man/man1/;
			dstSubfolderSpec = 0;
			files = (
			);
			runOnlyForDeploymentPostprocessing = 1;
		};
/* End PBXCopyFilesBuildPhase section */

/* Begin PBXFileReference section */
		5FA7F1D81B2AAFF400AB72CB /* ByteArrayDemo */ = {isa = PBXFileReference; explicitFileType = "compiled.mach-o.executable"; includeInIndex = 0; path = ByteArrayDemo; sourceTree = BUILT_PRODUCTS_DIR; };
		5FA7F1DB1B2AAFF400AB72CB /* main.cpp */ = {isa = PBXFileReference; lastKnownFileType = sourcecode.cpp.cpp; path = main.cpp; sourceTree = "<group>"; };
		5FA7F1E21B2AB17C00AB72CB /* SFByteArray.cpp */ = {isa = PBXFileReference; fileEncoding = 4; lastKnownFileType = sourcecode.cpp.cpp; path = SFByteArray.cpp; sourceTree = "<group>"; };
		5FA7F1E31B2AB17C00AB72CB /* SFByteArray.h */ = {isa = PBXFileReference; fileEncoding = 4; lastKnownFileType = sourcecode.c.h; path = SFByteArray.h; sourceTree = "<group>"; };
		5FA7F1E51B2AE78E00AB72CB /* SFByteArray2.cpp */ = {isa = PBXFileReference; fileEncoding = 4; lastKnownFileType = sourcecode.cpp.cpp; path = SFByteArray2.cpp; sourceTree = "<group>"; };
		5FA7F1E61B2AE78E00AB72CB /* SFByteArray2.h */ = {isa = PBXFileReference; fileEncoding = 4; lastKnownFileType = sourcecode.c.h; path = SFByteArray2.h; sourceTree = "<group>"; };
/* End PBXFileReference section */

/* Begin PBXFrameworksBuildPhase section */
		5FA7F1D51B2AAFF400AB72CB /* Frameworks */ = {
			isa = PBXFrameworksBuildPhase;
			buildActionMask = 2147483647;
			files = (
			);
			runOnlyForDeploymentPostprocessing = 0;
		};
/* End PBXFrameworksBuildPhase section */

/* Begin PBXGroup section */
		5FA7F1CF1B2AAFF400AB72CB = {
			isa = PBXGroup;
			children = (
				5FA7F1DA1B2AAFF400AB72CB /* ByteArrayDemo */,
				5FA7F1D91B2AAFF400AB72CB /* Products */,
			);
			sourceTree = "<group>";
		};
		5FA7F1D91B2AAFF400AB72CB /* Products */ = {
			isa = PBXGroup;
			children = (
				5FA7F1D81B2AAFF400AB72CB /* ByteArrayDemo */,
			);
			name = Products;
			sourceTree = "<group>";
		};
		5FA7F1DA1B2AAFF400AB72CB /* ByteArrayDemo */ = {
			isa = PBXGroup;
			children = (
				5FA7F1DB1B2AAFF400AB72CB /* main.cpp */,
				5FA7F1E21B2AB17C00AB72CB /* SFByteArray.cpp */,
				5FA7F1E31B2AB17C00AB72CB /* SFByteArray.h */,
				5FA7F1E51B2AE78E00AB72CB /* SFByteArray2.cpp */,
				5FA7F1E61B2AE78E00AB72CB /* SFByteArray2.h */,
			);
			path = ByteArrayDemo;
			sourceTree = "<group>";
		};
/* End PBXGroup section */

/* Begin PBXNativeTarget section */
		5FA7F1D71B2AAFF400AB72CB /* ByteArrayDemo */ = {
			isa = PBXNativeTarget;
			buildConfigurationList = 5FA7F1DF1B2AAFF400AB72CB /* Build configuration list for PBXNativeTarget "ByteArrayDemo" */;
			buildPhases = (
				5FA7F1D41B2AAFF400AB72CB /* Sources */,
				5FA7F1D51B2AAFF400AB72CB /* Frameworks */,
				5FA7F1D61B2AAFF400AB72CB /* CopyFiles */,
			);
			buildRules = (
			);
			dependencies = (
			);
			name = ByteArrayDemo;
			productName = ByteArrayDemo;
			productReference = 5FA7F1D81B2AAFF400AB72CB /* ByteArrayDemo */;
			productType = "com.apple.product-type.tool";
		};
/* End PBXNativeTarget section */

/* Begin PBXProject section */
		5FA7F1D01B2AAFF400AB72CB /* Project object */ = {
			isa = PBXProject;
			attributes = {
				LastUpgradeCheck = 0630;
				ORGANIZATIONNAME = SF;
				TargetAttributes = {
					5FA7F1D71B2AAFF400AB72CB = {
						CreatedOnToolsVersion = 6.3.2;
					};
				};
			};
			buildConfigurationList = 5FA7F1D31B2AAFF400AB72CB /* Build configuration list for PBXProject "ByteArrayDemo" */;
			compatibilityVersion = "Xcode 3.2";
			developmentRegion = English;
			hasScannedForEncodings = 0;
			knownRegions = (
				en,
			);
			mainGroup = 5FA7F1CF1B2AAFF400AB72CB;
			productRefGroup = 5FA7F1D91B2AAFF400AB72CB /* Products */;
			projectDirPath = "";
			projectRoot = "";
			targets = (
				5FA7F1D71B2AAFF400AB72CB /* ByteArrayDemo */,
			);
		};
/* End PBXProject section */

/* Begin PBXSourcesBuildPhase section */
		5FA7F1D41B2AAFF400AB72CB /* Sources */ = {
			isa = PBXSourcesBuildPhase;
			buildActionMask = 2147483647;
			files = (
				5FA7F1E71B2AE78E00AB72CB /* SFByteArray2.cpp in Sources */,
				5FA7F1E41B2AB17C00AB72CB /* SFByteArray.cpp in Sources */,
				5FA7F1DC1B2AAFF400AB72CB /* main.cpp in Sources */,
			);
			runOnlyForDeploymentPostprocessing = 0;
		};
/* End PBXSourcesBuildPhase section */

/* Begin XCBuildConfiguration section */
		5FA7F1DD1B2AAFF400AB72CB /* Debug */ = {
			isa = XCBuildConfiguration;
			buildSettings = {
				ALWAYS_SEARCH_USER_PATHS = NO;
				CLANG_CXX_LANGUAGE_STANDARD = "gnu++0x";
				CLANG_CXX_LIBRARY = "libc++";
				CLANG_ENABLE_MODULES = YES;
				CLANG_ENABLE_OBJC_ARC = YES;
				CLANG_WARN_BOOL_CONVERSION = YES;
				CLANG_WARN_CONSTANT_CONVERSION = YES;
				CLANG_WARN_DIRECT_OBJC_ISA_USAGE = YES_ERROR;
				CLANG_WARN_EMPTY_BODY = YES;
				CLANG_WARN_ENUM_CONVERSION = YES;
				CLANG_WARN_INT_CONVERSION = YES;
				CLANG_WARN_OBJC_ROOT_CLASS = YES_ERROR;
				CLANG_WARN_UNREACHABLE_CODE = YES;
				CLANG_WARN__DUPLICATE_METHOD_MATCH = YES;
				COPY_PHASE_STRIP = NO;
				DEBUG_INFORMATION_FORMAT = dwarf;
				ENABLE_STRICT_OBJC_MSGSEND = YES;
				GCC_C_LANGUAGE_STANDARD = gnu99;
				GCC_DYNAMIC_NO_PIC = NO;
				GCC_NO_COMMON_BLOCKS = YES;
				GCC_OPTIMIZATION_LEVEL = 0;
				GCC_PREPROCESSOR_DEFINITIONS = (
					"DEBUG=1",
					"$(inherited)",
				);
				GCC_SYMBOLS_PRIVATE_EXTERN = NO;
				GCC_WARN_64_TO_32_BIT_CONVERSION = YES;
				GCC_WARN_ABOUT_RETURN_TYPE = YES_ERROR;
				GCC_WARN_UNDECLARED_SELECTOR = YES;
				GCC_WARN_UNINITIALIZED_AUTOS = YES_AGGRESSIVE;
				GCC_WARN_UNUSED_FUNCTION = YES;
				GCC_WARN_UNUSED_VARIABLE = YES;
				MACOSX_DEPLOYMENT_TARGET = 10.10;
				MTL_ENABLE_DEBUG_INFO = YES;
				ONLY_ACTIVE_ARCH = YES;
				SDKROOT = macosx;
			};
			name = Debug;
		};
		5FA7F1DE1B2AAFF400AB72CB /* Release */ = {
			isa = XCBuildConfiguration;
			buildSettings = {
				ALWAYS_SEARCH_USER_PATHS = NO;
				CLANG_CXX_LANGUAGE_STANDARD = "gnu++0x";
				CLANG_CXX_LIBRARY = "libc++";
				CLANG_ENABLE_MODULES = YES;
				CLANG_ENABLE_OBJC_ARC = YES;
				CLANG_WARN_BOOL_CONVERSION = YES;
				CLANG_WARN_CONSTANT_CONVERSION = YES;
				CLANG_WARN_DIRECT_OBJC_ISA_USAGE = YES_ERROR;
				CLANG_WARN_EMPTY_BODY = YES;
				CLANG_WARN_ENUM_CONVERSION = YES;
				CLANG_WARN_INT_CONVERSION = YES;
				CLANG_WARN_OBJC_ROOT_CLASS = YES_ERROR;
				CLANG_WARN_UNREACHABLE_CODE = YES;
				CLANG_WARN__DUPLICATE_METHOD_MATCH = YES;
				COPY_PHASE_STRIP = NO;
				DEBUG_INFORMATION_FORMAT = "dwarf-with-dsym";
				ENABLE_NS_ASSERTIONS = NO;
				ENABLE_STRICT_OBJC_MSGSEND = YES;
				GCC_C_LANGUAGE_STANDARD = gnu99;
				GCC_NO_COMMON_BLOCKS = YES;
				GCC_WARN_64_TO_32_BIT_CONVERSION = YES;
				GCC_WARN_ABOUT_RETURN_TYPE = YES_ERROR;
				GCC_WARN_UNDECLARED_SELECTOR = YES;
				GCC_WARN_UNINITIALIZED_AUTOS = YES_AGGRESSIVE;
				GCC_WARN_UNUSED_FUNCTION = YES;
				GCC_WARN_UNUSED_VARIABLE = YES;
				MACOSX_DEPLOYMENT_TARGET = 10.10;
				MTL_ENABLE_DEBUG_INFO = NO;
				SDKROOT = macosx;
			};
			name = Release;
		};
		5FA7F1E01B2AAFF400AB72CB /* Debug */ = {
			isa = XCBuildConfiguration;
			buildSettings = {
				PRODUCT_NAME = "$(TARGET_NAME)";
			};
			name = Debug;
		};
		5FA7F1E11B2AAFF400AB72CB /* Release */ = {
			isa = XCBuildConfiguration;
			buildSettings = {
				PRODUCT_NAME = "$(TARGET_NAME)";
			};
			name = Release;
		};
/* End XCBuildConfiguration section */

/* Begin XCConfigurationList section */
		5FA7F1D31B2AAFF400AB72CB /* Build configuration list for PBXProject "ByteArrayDemo" */ = {
			isa = XCConfigurationList;
			buildConfigurations = (
				5FA7F1DD1B2AAFF400AB72CB /* Debug */,
				5FA7F1DE1B2AAFF400AB72CB /* Release */,
			);
			defaultConfigurationIsVisible = 0;
			defaultConfigurationName = Release;
		};
		5FA7F1DF1B2AAFF400AB72CB /* Build configuration list for PBXNativeTarget "ByteArrayDemo" */ = {
			isa = XCConfigurationList;
			buildConfigurations = (
				5FA7F1E01B2AAFF400AB72CB /* Debug */,
				5FA7F1E11B2AAFF400AB72CB /* Release */,
			);
			defaultConfigurationIsVisible = 0;
			defaultConfigurationName = Release;
		};
/* End XCConfigurationList section */
	};
	rootObject = 5FA7F1D01B2AAFF400AB72CB /* Project object */;
}
